[[package]]
name = "lib1"
version = "0.0.5"
description = ""
category = "main"
optional = false
python-versions = "^3.10"
develop = false

[package.source]
type = "git"
url = "git@github.com:SondreAndersenArkivverket/test_repo_for_hele_prosjekt.git"
reference = "v0.0.5"
resolved_reference = "fd24d3e6418710f217dcc760d165647b74e1a1b3"
subdirectory = "lib1"
[metadata]
lock-version = "1.1"
python-versions = "^3.10"
content-hash = "9896a0dff592f7491c6ed5050cd4225e1550015ebf222de29150c054c3d9d0f1"

[metadata.files]
lib1 = []
