[[package]]
name = "lib1"
version = "0.0.2"
description = ""
category = "main"
optional = false
python-versions = "^3.10"
develop = false

[package.source]
type = "git"
url = "git@github.com:SondreAndersenArkivverket/test_repo_for_hele_prosjekt.git"
reference = "v0.0.2"
resolved_reference = "4c06fcdddb96c6c2ad5b7072403a4f67fdd01007"
subdirectory = "lib1"
[metadata]
lock-version = "1.1"
python-versions = "^3.10"
content-hash = "1ed2c73f010c0ce93f3bdd3d7d5085f9a5f8c25f1a547a18fae6891a8500b411"

[metadata.files]
lib1 = []
